
Microsoft Visual Studio Solution File, Format Version 12.00
# Visual Studio Version 17
VisualStudioVersion = 17.2.32519.379
MinimumVisualStudioVersion = 10.0.40219.1
Project("{FAE04EC0-301F-11D3-BF4B-00C04F79EFBC}") = "APItaiRPS", "APItaiRPS\APItaiRPS.csproj", "{58CC7693-8E06-45AE-ACC0-2D65E88E1687}"
EndProject
Global
	GlobalSection(SolutionConfigurationPlatforms) = preSolution
		Debug|Any CPU = Debug|Any CPU
		Release|Any CPU = Release|Any CPU
	EndGlobalSection
	GlobalSection(ProjectConfigurationPlatforms) = postSolution
		{58CC7693-8E06-45AE-ACC0-2D65E88E1687}.Debug|Any CPU.ActiveCfg = Debug|Any CPU
		{58CC7693-8E06-45AE-ACC0-2D65E88E1687}.Debug|Any CPU.Build.0 = Debug|Any CPU
		{58CC7693-8E06-45AE-ACC0-2D65E88E1687}.Release|Any CPU.ActiveCfg = Release|Any CPU
		{58CC7693-8E06-45AE-ACC0-2D65E88E1687}.Release|Any CPU.Build.0 = Release|Any CPU
	EndGlobalSection
	GlobalSection(SolutionProperties) = preSolution
		HideSolutionNode = FALSE
	EndGlobalSection
	GlobalSection(ExtensibilityGlobals) = postSolution
		SolutionGuid = {34ADEAF9-1A44-487C-A029-FCE848C77E44}
	EndGlobalSection
EndGlobal
